Microsoft Visual Studio Solution File, Format Version 12.00
# Visual Studio 15
VisualStudioVersion = 15.0.26730.16
MinimumVisualStudioVersion = 10.0.40219.1
Project("{FAE04EC0-301F-11D3-BF4B-00C04F79EFBC}") = "enterprisembile", "enterprisembile\enterprisembile.csproj", "{C495E3D5-51AC-4F4C-BECB-F66EDC9B9CD2}"
EndProject
Project("{FAE04EC0-301F-11D3-BF4B-00C04F79EFBC}") = "enterprisembile.iOS", "enterprisembile.iOS\enterprisembile.iOS.csproj", "{0F2C38C9-7978-4D5C-BC37-D6E1F8190082}"
EndProject
Project("{FAE04EC0-301F-11D3-BF4B-00C04F79EFBC}") = "enterprisembile.Droid", "enterprisembile.Droid\enterprisembile.Droid.csproj", "{3A30FE95-FCDB-4287-8446-D4D60CB56D7A}"
EndProject
Project("{FAE04EC0-301F-11D3-BF4B-00C04F79EFBC}") = "enterprisembile.Datalayer", "enterprisembile.Datalayer\enterprisembile.Datalayer.csproj", "{2A255BB9-1F0A-4C66-9497-227762E83DF0}"
EndProject
Project("{FAE04EC0-301F-11D3-BF4B-00C04F79EFBC}") = "enterprisembile.Model", "enterprisembile.Model\enterprisembile.Model.csproj", "{3A9DF8ED-2304-4DA9-A625-42BBB334F1B9}"
EndProject
Project("{FAE04EC0-301F-11D3-BF4B-00C04F79EFBC}") = "enterprisembile.Test", "enterprisembile.Test\enterprisembile.Test.csproj", "{3DE4AC51-E66E-44E1-8DAF-36199D09549C}"
EndProject
Global
	GlobalSection(SolutionConfigurationPlatforms) = preSolution
		Ad-Hoc|Any CPU = Ad-Hoc|Any CPU
		Ad-Hoc|iPhone = Ad-Hoc|iPhone
		Ad-Hoc|iPhoneSimulator = Ad-Hoc|iPhoneSimulator
		AppStore|Any CPU = AppStore|Any CPU
		AppStore|iPhone = AppStore|iPhone
		AppStore|iPhoneSimulator = AppStore|iPhoneSimulator
		Debug|Any CPU = Debug|Any CPU
		Debug|iPhone = Debug|iPhone
		Debug|iPhoneSimulator = Debug|iPhoneSimulator
		Release|Any CPU = Release|Any CPU
		Release|iPhone = Release|iPhone
		Release|iPhoneSimulator = Release|iPhoneSimulator
	EndGlobalSection
	GlobalSection(ProjectConfigurationPlatforms) = postSolution
		{C495E3D5-51AC-4F4C-BECB-F66EDC9B9CD2}.Ad-Hoc|Any CPU.ActiveCfg = Release|Any CPU
		{C495E3D5-51AC-4F4C-BECB-F66EDC9B9CD2}.Ad-Hoc|Any CPU.Build.0 = Release|Any CPU
		{C495E3D5-51AC-4F4C-BECB-F66EDC9B9CD2}.Ad-Hoc|iPhone.ActiveCfg = Release|Any CPU
		{C495E3D5-51AC-4F4C-BECB-F66EDC9B9CD2}.Ad-Hoc|iPhone.Build.0 = Release|Any CPU
		{C495E3D5-51AC-4F4C-BECB-F66EDC9B9CD2}.Ad-Hoc|iPhoneSimulator.ActiveCfg = Release|Any CPU
		{C495E3D5-51AC-4F4C-BECB-F66EDC9B9CD2}.Ad-Hoc|iPhoneSimulator.Build.0 = Release|Any CPU
		{C495E3D5-51AC-4F4C-BECB-F66EDC9B9CD2}.AppStore|Any CPU.ActiveCfg = Release|Any CPU
		{C495E3D5-51AC-4F4C-BECB-F66EDC9B9CD2}.AppStore|Any CPU.Build.0 = Release|Any CPU
		{C495E3D5-51AC-4F4C-BECB-F66EDC9B9CD2}.AppStore|iPhone.ActiveCfg = Release|Any CPU
		{C495E3D5-51AC-4F4C-BECB-F66EDC9B9CD2}.AppStore|iPhone.Build.0 = Release|Any CPU
		{C495E3D5-51AC-4F4C-BECB-F66EDC9B9CD2}.AppStore|iPhoneSimulator.ActiveCfg = Release|Any CPU
		{C495E3D5-51AC-4F4C-BECB-F66EDC9B9CD2}.AppStore|iPhoneSimulator.Build.0 = Release|Any CPU
		{C495E3D5-51AC-4F4C-BECB-F66EDC9B9CD2}.Debug|Any CPU.ActiveCfg = Debug|Any CPU
		{C495E3D5-51AC-4F4C-BECB-F66EDC9B9CD2}.Debug|Any CPU.Build.0 = Debug|Any CPU
		{C495E3D5-51AC-4F4C-BECB-F66EDC9B9CD2}.Debug|iPhone.ActiveCfg = Debug|Any CPU
		{C495E3D5-51AC-4F4C-BECB-F66EDC9B9CD2}.Debug|iPhone.Build.0 = Debug|Any CPU
		{C495E3D5-51AC-4F4C-BECB-F66EDC9B9CD2}.Debug|iPhoneSimulator.ActiveCfg = Debug|Any CPU
		{C495E3D5-51AC-4F4C-BECB-F66EDC9B9CD2}.Debug|iPhoneSimulator.Build.0 = Debug|Any CPU
		{C495E3D5-51AC-4F4C-BECB-F66EDC9B9CD2}.Release|Any CPU.ActiveCfg = Release|Any CPU
		{C495E3D5-51AC-4F4C-BECB-F66EDC9B9CD2}.Release|Any CPU.Build.0 = Release|Any CPU
		{C495E3D5-51AC-4F4C-BECB-F66EDC9B9CD2}.Release|iPhone.ActiveCfg = Release|Any CPU
		{C495E3D5-51AC-4F4C-BECB-F66EDC9B9CD2}.Release|iPhone.Build.0 = Release|Any CPU
		{C495E3D5-51AC-4F4C-BECB-F66EDC9B9CD2}.Release|iPhoneSimulator.ActiveCfg = Release|Any CPU
		{C495E3D5-51AC-4F4C-BECB-F66EDC9B9CD2}.Release|iPhoneSimulator.Build.0 = Release|Any CPU
		{0F2C38C9-7978-4D5C-BC37-D6E1F8190082}.Ad-Hoc|Any CPU.ActiveCfg = Release|iPhoneSimulator
		{0F2C38C9-7978-4D5C-BC37-D6E1F8190082}.Ad-Hoc|Any CPU.Build.0 = Release|iPhoneSimulator
		{0F2C38C9-7978-4D5C-BC37-D6E1F8190082}.Ad-Hoc|iPhone.ActiveCfg = Release|iPhone
		{0F2C38C9-7978-4D5C-BC37-D6E1F8190082}.Ad-Hoc|iPhone.Build.0 = Release|iPhone
		{0F2C38C9-7978-4D5C-BC37-D6E1F8190082}.Ad-Hoc|iPhoneSimulator.ActiveCfg = Release|iPhoneSimulator
		{0F2C38C9-7978-4D5C-BC37-D6E1F8190082}.Ad-Hoc|iPhoneSimulator.Build.0 = Release|iPhoneSimulator
		{0F2C38C9-7978-4D5C-BC37-D6E1F8190082}.AppStore|Any CPU.ActiveCfg = Release|iPhoneSimulator
		{0F2C38C9-7978-4D5C-BC37-D6E1F8190082}.AppStore|Any CPU.Build.0 = Release|iPhoneSimulator
		{0F2C38C9-7978-4D5C-BC37-D6E1F8190082}.AppStore|iPhone.ActiveCfg = Release|iPhone
		{0F2C38C9-7978-4D5C-BC37-D6E1F8190082}.AppStore|iPhone.Build.0 = Release|iPhone
		{0F2C38C9-7978-4D5C-BC37-D6E1F8190082}.AppStore|iPhoneSimulator.ActiveCfg = Release|iPhoneSimulator
		{0F2C38C9-7978-4D5C-BC37-D6E1F8190082}.AppStore|iPhoneSimulator.Build.0 = Release|iPhoneSimulator
		{0F2C38C9-7978-4D5C-BC37-D6E1F8190082}.Debug|Any CPU.ActiveCfg = Debug|iPhoneSimulator
		{0F2C38C9-7978-4D5C-BC37-D6E1F8190082}.Debug|Any CPU.Build.0 = Debug|iPhoneSimulator
		{0F2C38C9-7978-4D5C-BC37-D6E1F8190082}.Debug|iPhone.ActiveCfg = Debug|iPhone
		{0F2C38C9-7978-4D5C-BC37-D6E1F8190082}.Debug|iPhone.Build.0 = Debug|iPhone
		{0F2C38C9-7978-4D5C-BC37-D6E1F8190082}.Debug|iPhoneSimulator.ActiveCfg = Debug|iPhoneSimulator
		{0F2C38C9-7978-4D5C-BC37-D6E1F8190082}.Debug|iPhoneSimulator.Build.0 = Debug|iPhoneSimulator
		{0F2C38C9-7978-4D5C-BC37-D6E1F8190082}.Release|Any CPU.ActiveCfg = Release|iPhone
		{0F2C38C9-7978-4D5C-BC37-D6E1F8190082}.Release|Any CPU.Build.0 = Release|iPhone
		{0F2C38C9-7978-4D5C-BC37-D6E1F8190082}.Release|iPhone.ActiveCfg = Release|iPhone
		{0F2C38C9-7978-4D5C-BC37-D6E1F8190082}.Release|iPhone.Build.0 = Release|iPhone
		{0F2C38C9-7978-4D5C-BC37-D6E1F8190082}.Release|iPhoneSimulator.ActiveCfg = Release|iPhoneSimulator
		{0F2C38C9-7978-4D5C-BC37-D6E1F8190082}.Release|iPhoneSimulator.Build.0 = Release|iPhoneSimulator
		{3A30FE95-FCDB-4287-8446-D4D60CB56D7A}.Ad-Hoc|Any CPU.ActiveCfg = Release|Any CPU
		{3A30FE95-FCDB-4287-8446-D4D60CB56D7A}.Ad-Hoc|Any CPU.Build.0 = Release|Any CPU
		{3A30FE95-FCDB-4287-8446-D4D60CB56D7A}.Ad-Hoc|Any CPU.Deploy.0 = Release|Any CPU
		{3A30FE95-FCDB-4287-8446-D4D60CB56D7A}.Ad-Hoc|iPhone.ActiveCfg = Release|Any CPU
		{3A30FE95-FCDB-4287-8446-D4D60CB56D7A}.Ad-Hoc|iPhone.Build.0 = Release|Any CPU
		{3A30FE95-FCDB-4287-8446-D4D60CB56D7A}.Ad-Hoc|iPhone.Deploy.0 = Release|Any CPU
		{3A30FE95-FCDB-4287-8446-D4D60CB56D7A}.Ad-Hoc|iPhoneSimulator.ActiveCfg = Release|Any CPU
		{3A30FE95-FCDB-4287-8446-D4D60CB56D7A}.Ad-Hoc|iPhoneSimulator.Build.0 = Release|Any CPU
		{3A30FE95-FCDB-4287-8446-D4D60CB56D7A}.Ad-Hoc|iPhoneSimulator.Deploy.0 = Release|Any CPU
		{3A30FE95-FCDB-4287-8446-D4D60CB56D7A}.AppStore|Any CPU.ActiveCfg = Release|Any CPU
		{3A30FE95-FCDB-4287-8446-D4D60CB56D7A}.AppStore|Any CPU.Build.0 = Release|Any CPU
		{3A30FE95-FCDB-4287-8446-D4D60CB56D7A}.AppStore|Any CPU.Deploy.0 = Release|Any CPU
		{3A30FE95-FCDB-4287-8446-D4D60CB56D7A}.AppStore|iPhone.ActiveCfg = Release|Any CPU
		{3A30FE95-FCDB-4287-8446-D4D60CB56D7A}.AppStore|iPhone.Build.0 = Release|Any CPU
		{3A30FE95-FCDB-4287-8446-D4D60CB56D7A}.AppStore|iPhone.Deploy.0 = Release|Any CPU
		{3A30FE95-FCDB-4287-8446-D4D60CB56D7A}.AppStore|iPhoneSimulator.ActiveCfg = Release|Any CPU
		{3A30FE95-FCDB-4287-8446-D4D60CB56D7A}.AppStore|iPhoneSimulator.Build.0 = Release|Any CPU
		{3A30FE95-FCDB-4287-8446-D4D60CB56D7A}.AppStore|iPhoneSimulator.Deploy.0 = Release|Any CPU
		{3A30FE95-FCDB-4287-8446-D4D60CB56D7A}.Debug|Any CPU.ActiveCfg = Debug|Any CPU
		{3A30FE95-FCDB-4287-8446-D4D60CB56D7A}.Debug|Any CPU.Build.0 = Debug|Any CPU
		{3A30FE95-FCDB-4287-8446-D4D60CB56D7A}.Debug|Any CPU.Deploy.0 = Debug|Any CPU
		{3A30FE95-FCDB-4287-8446-D4D60CB56D7A}.Debug|iPhone.ActiveCfg = Debug|Any CPU
		{3A30FE95-FCDB-4287-8446-D4D60CB56D7A}.Debug|iPhone.Build.0 = Debug|Any CPU
		{3A30FE95-FCDB-4287-8446-D4D60CB56D7A}.Debug|iPhoneSimulator.ActiveCfg = Debug|Any CPU
		{3A30FE95-FCDB-4287-8446-D4D60CB56D7A}.Debug|iPhoneSimulator.Build.0 = Debug|Any CPU
		{3A30FE95-FCDB-4287-8446-D4D60CB56D7A}.Debug|iPhoneSimulator.Deploy.0 = Debug|Any CPU
		{3A30FE95-FCDB-4287-8446-D4D60CB56D7A}.Release|Any CPU.ActiveCfg = Release|Any CPU
		{3A30FE95-FCDB-4287-8446-D4D60CB56D7A}.Release|Any CPU.Build.0 = Release|Any CPU
		{3A30FE95-FCDB-4287-8446-D4D60CB56D7A}.Release|iPhone.ActiveCfg = Release|Any CPU
		{3A30FE95-FCDB-4287-8446-D4D60CB56D7A}.Release|iPhone.Build.0 = Release|Any CPU
		{3A30FE95-FCDB-4287-8446-D4D60CB56D7A}.Release|iPhoneSimulator.ActiveCfg = Release|Any CPU
		{3A30FE95-FCDB-4287-8446-D4D60CB56D7A}.Release|iPhoneSimulator.Build.0 = Release|Any CPU
		{2A255BB9-1F0A-4C66-9497-227762E83DF0}.Ad-Hoc|Any CPU.ActiveCfg = Release|Any CPU
		{2A255BB9-1F0A-4C66-9497-227762E83DF0}.Ad-Hoc|Any CPU.Build.0 = Release|Any CPU
		{2A255BB9-1F0A-4C66-9497-227762E83DF0}.Ad-Hoc|iPhone.ActiveCfg = Release|Any CPU
		{2A255BB9-1F0A-4C66-9497-227762E83DF0}.Ad-Hoc|iPhone.Build.0 = Release|Any CPU
		{2A255BB9-1F0A-4C66-9497-227762E83DF0}.Ad-Hoc|iPhoneSimulator.ActiveCfg = Release|Any CPU
		{2A255BB9-1F0A-4C66-9497-227762E83DF0}.Ad-Hoc|iPhoneSimulator.Build.0 = Release|Any CPU
		{2A255BB9-1F0A-4C66-9497-227762E83DF0}.AppStore|Any CPU.ActiveCfg = Release|Any CPU
		{2A255BB9-1F0A-4C66-9497-227762E83DF0}.AppStore|Any CPU.Build.0 = Release|Any CPU
		{2A255BB9-1F0A-4C66-9497-227762E83DF0}.AppStore|iPhone.ActiveCfg = Release|Any CPU
		{2A255BB9-1F0A-4C66-9497-227762E83DF0}.AppStore|iPhone.Build.0 = Release|Any CPU
		{2A255BB9-1F0A-4C66-9497-227762E83DF0}.AppStore|iPhoneSimulator.ActiveCfg = Release|Any CPU
		{2A255BB9-1F0A-4C66-9497-227762E83DF0}.AppStore|iPhoneSimulator.Build.0 = Release|Any CPU
		{2A255BB9-1F0A-4C66-9497-227762E83DF0}.Debug|Any CPU.ActiveCfg = Debug|Any CPU
		{2A255BB9-1F0A-4C66-9497-227762E83DF0}.Debug|Any CPU.Build.0 = Debug|Any CPU
		{2A255BB9-1F0A-4C66-9497-227762E83DF0}.Debug|iPhone.ActiveCfg = Debug|Any CPU
		{2A255BB9-1F0A-4C66-9497-227762E83DF0}.Debug|iPhone.Build.0 = Debug|Any CPU
		{2A255BB9-1F0A-4C66-9497-227762E83DF0}.Debug|iPhoneSimulator.ActiveCfg = Debug|Any CPU
		{2A255BB9-1F0A-4C66-9497-227762E83DF0}.Debug|iPhoneSimulator.Build.0 = Debug|Any CPU
		{2A255BB9-1F0A-4C66-9497-227762E83DF0}.Release|Any CPU.ActiveCfg = Release|Any CPU
		{2A255BB9-1F0A-4C66-9497-227762E83DF0}.Release|Any CPU.Build.0 = Release|Any CPU
		{2A255BB9-1F0A-4C66-9497-227762E83DF0}.Release|iPhone.ActiveCfg = Release|Any CPU
		{2A255BB9-1F0A-4C66-9497-227762E83DF0}.Release|iPhone.Build.0 = Release|Any CPU
		{2A255BB9-1F0A-4C66-9497-227762E83DF0}.Release|iPhoneSimulator.ActiveCfg = Release|Any CPU
		{2A255BB9-1F0A-4C66-9497-227762E83DF0}.Release|iPhoneSimulator.Build.0 = Release|Any CPU
		{3A9DF8ED-2304-4DA9-A625-42BBB334F1B9}.Ad-Hoc|Any CPU.ActiveCfg = Release|Any CPU
		{3A9DF8ED-2304-4DA9-A625-42BBB334F1B9}.Ad-Hoc|Any CPU.Build.0 = Release|Any CPU
		{3A9DF8ED-2304-4DA9-A625-42BBB334F1B9}.Ad-Hoc|iPhone.ActiveCfg = Release|Any CPU
		{3A9DF8ED-2304-4DA9-A625-42BBB334F1B9}.Ad-Hoc|iPhone.Build.0 = Release|Any CPU
		{3A9DF8ED-2304-4DA9-A625-42BBB334F1B9}.Ad-Hoc|iPhoneSimulator.ActiveCfg = Release|Any CPU
		{3A9DF8ED-2304-4DA9-A625-42BBB334F1B9}.Ad-Hoc|iPhoneSimulator.Build.0 = Release|Any CPU
		{3A9DF8ED-2304-4DA9-A625-42BBB334F1B9}.AppStore|Any CPU.ActiveCfg = Release|Any CPU
		{3A9DF8ED-2304-4DA9-A625-42BBB334F1B9}.AppStore|Any CPU.Build.0 = Release|Any CPU
		{3A9DF8ED-2304-4DA9-A625-42BBB334F1B9}.AppStore|iPhone.ActiveCfg = Release|Any CPU
		{3A9DF8ED-2304-4DA9-A625-42BBB334F1B9}.AppStore|iPhone.Build.0 = Release|Any CPU
		{3A9DF8ED-2304-4DA9-A625-42BBB334F1B9}.AppStore|iPhoneSimulator.ActiveCfg = Release|Any CPU
		{3A9DF8ED-2304-4DA9-A625-42BBB334F1B9}.AppStore|iPhoneSimulator.Build.0 = Release|Any CPU
		{3A9DF8ED-2304-4DA9-A625-42BBB334F1B9}.Debug|Any CPU.ActiveCfg = Debug|Any CPU
		{3A9DF8ED-2304-4DA9-A625-42BBB334F1B9}.Debug|Any CPU.Build.0 = Debug|Any CPU
		{3A9DF8ED-2304-4DA9-A625-42BBB334F1B9}.Debug|iPhone.ActiveCfg = Debug|Any CPU
		{3A9DF8ED-2304-4DA9-A625-42BBB334F1B9}.Debug|iPhone.Build.0 = Debug|Any CPU
		{3A9DF8ED-2304-4DA9-A625-42BBB334F1B9}.Debug|iPhoneSimulator.ActiveCfg = Debug|Any CPU
		{3A9DF8ED-2304-4DA9-A625-42BBB334F1B9}.Debug|iPhoneSimulator.Build.0 = Debug|Any CPU
		{3A9DF8ED-2304-4DA9-A625-42BBB334F1B9}.Release|Any CPU.ActiveCfg = Release|Any CPU
		{3A9DF8ED-2304-4DA9-A625-42BBB334F1B9}.Release|Any CPU.Build.0 = Release|Any CPU
		{3A9DF8ED-2304-4DA9-A625-42BBB334F1B9}.Release|iPhone.ActiveCfg = Release|Any CPU
		{3A9DF8ED-2304-4DA9-A625-42BBB334F1B9}.Release|iPhone.Build.0 = Release|Any CPU
		{3A9DF8ED-2304-4DA9-A625-42BBB334F1B9}.Release|iPhoneSimulator.ActiveCfg = Release|Any CPU
		{3A9DF8ED-2304-4DA9-A625-42BBB334F1B9}.Release|iPhoneSimulator.Build.0 = Release|Any CPU
		{3DE4AC51-E66E-44E1-8DAF-36199D09549C}.Ad-Hoc|Any CPU.ActiveCfg = Release|Any CPU
		{3DE4AC51-E66E-44E1-8DAF-36199D09549C}.Ad-Hoc|Any CPU.Build.0 = Release|Any CPU
		{3DE4AC51-E66E-44E1-8DAF-36199D09549C}.Ad-Hoc|iPhone.ActiveCfg = Release|Any CPU
		{3DE4AC51-E66E-44E1-8DAF-36199D09549C}.Ad-Hoc|iPhone.Build.0 = Release|Any CPU
		{3DE4AC51-E66E-44E1-8DAF-36199D09549C}.Ad-Hoc|iPhoneSimulator.ActiveCfg = Release|Any CPU
		{3DE4AC51-E66E-44E1-8DAF-36199D09549C}.Ad-Hoc|iPhoneSimulator.Build.0 = Release|Any CPU
		{3DE4AC51-E66E-44E1-8DAF-36199D09549C}.AppStore|Any CPU.ActiveCfg = Release|Any CPU
		{3DE4AC51-E66E-44E1-8DAF-36199D09549C}.AppStore|Any CPU.Build.0 = Release|Any CPU
		{3DE4AC51-E66E-44E1-8DAF-36199D09549C}.AppStore|iPhone.ActiveCfg = Release|Any CPU
		{3DE4AC51-E66E-44E1-8DAF-36199D09549C}.AppStore|iPhone.Build.0 = Release|Any CPU
		{3DE4AC51-E66E-44E1-8DAF-36199D09549C}.AppStore|iPhoneSimulator.ActiveCfg = Release|Any CPU
		{3DE4AC51-E66E-44E1-8DAF-36199D09549C}.AppStore|iPhoneSimulator.Build.0 = Release|Any CPU
		{3DE4AC51-E66E-44E1-8DAF-36199D09549C}.Debug|Any CPU.ActiveCfg = Debug|Any CPU
		{3DE4AC51-E66E-44E1-8DAF-36199D09549C}.Debug|Any CPU.Build.0 = Debug|Any CPU
		{3DE4AC51-E66E-44E1-8DAF-36199D09549C}.Debug|iPhone.ActiveCfg = Debug|Any CPU
		{3DE4AC51-E66E-44E1-8DAF-36199D09549C}.Debug|iPhone.Build.0 = Debug|Any CPU
		{3DE4AC51-E66E-44E1-8DAF-36199D09549C}.Debug|iPhoneSimulator.ActiveCfg = Debug|Any CPU
		{3DE4AC51-E66E-44E1-8DAF-36199D09549C}.Debug|iPhoneSimulator.Build.0 = Debug|Any CPU
		{3DE4AC51-E66E-44E1-8DAF-36199D09549C}.Release|Any CPU.ActiveCfg = Release|Any CPU
		{3DE4AC51-E66E-44E1-8DAF-36199D09549C}.Release|Any CPU.Build.0 = Release|Any CPU
		{3DE4AC51-E66E-44E1-8DAF-36199D09549C}.Release|iPhone.ActiveCfg = Release|Any CPU
		{3DE4AC51-E66E-44E1-8DAF-36199D09549C}.Release|iPhone.Build.0 = Release|Any CPU
		{3DE4AC51-E66E-44E1-8DAF-36199D09549C}.Release|iPhoneSimulator.ActiveCfg = Release|Any CPU
		{3DE4AC51-E66E-44E1-8DAF-36199D09549C}.Release|iPhoneSimulator.Build.0 = Release|Any CPU
	EndGlobalSection
	GlobalSection(SolutionProperties) = preSolution
		HideSolutionNode = FALSE
	EndGlobalSection
	GlobalSection(ExtensibilityGlobals) = postSolution
		SolutionGuid = {3577948B-6501-4C6C-91B9-80957DDFCCE2}
	EndGlobalSection
EndGlobal
