
Microsoft Visual Studio Solution File, Format Version 12.00
# Visual Studio 15
VisualStudioVersion = 15.0.27004.2006
MinimumVisualStudioVersion = 10.0.40219.1
Project("{FAE04EC0-301F-11D3-BF4B-00C04F79EFBC}") = "Entmob", "Entmob\Entmob.csproj", "{76C82E6D-CC85-48AC-AF3F-83D09EB96B53}"
EndProject
Project("{9A19103F-16F7-4668-BE54-9A1E7A4F7556}") = "Entmob.Model", "Entmob.Model\Entmob.Model.csproj", "{157E5729-FADF-4D92-ADBF-57A24DDB4B5E}"
EndProject
Project("{FAE04EC0-301F-11D3-BF4B-00C04F79EFBC}") = "Entmob.Datalayer.EntityFrameWork", "Entmob.Datalayer.EntityFramework\Entmob.Datalayer.EntityFrameWork.csproj", "{29D4E8EA-9DDF-41C6-BA56-5B4B114DC240}"
EndProject
Project("{FAE04EC0-301F-11D3-BF4B-00C04F79EFBC}") = "Entmob.Datalayer", "Entmob.Datalayer\Entmob.Datalayer.csproj", "{7F6AB803-F52F-448A-B576-8687A67700BE}"
EndProject
Project("{FAE04EC0-301F-11D3-BF4B-00C04F79EFBC}") = "Entmob.Test", "Entmob.Test\Entmob.Test.csproj", "{14D2716D-AB26-4023-B617-5029111D0CBB}"
EndProject
Global
	GlobalSection(SolutionConfigurationPlatforms) = preSolution
		Ad-Hoc|Any CPU = Ad-Hoc|Any CPU
		Ad-Hoc|ARM = Ad-Hoc|ARM
		Ad-Hoc|iPhone = Ad-Hoc|iPhone
		Ad-Hoc|iPhoneSimulator = Ad-Hoc|iPhoneSimulator
		Ad-Hoc|x64 = Ad-Hoc|x64
		Ad-Hoc|x86 = Ad-Hoc|x86
		AppStore|Any CPU = AppStore|Any CPU
		AppStore|ARM = AppStore|ARM
		AppStore|iPhone = AppStore|iPhone
		AppStore|iPhoneSimulator = AppStore|iPhoneSimulator
		AppStore|x64 = AppStore|x64
		AppStore|x86 = AppStore|x86
		Debug|Any CPU = Debug|Any CPU
		Debug|ARM = Debug|ARM
		Debug|iPhone = Debug|iPhone
		Debug|iPhoneSimulator = Debug|iPhoneSimulator
		Debug|x64 = Debug|x64
		Debug|x86 = Debug|x86
		Release|Any CPU = Release|Any CPU
		Release|ARM = Release|ARM
		Release|iPhone = Release|iPhone
		Release|iPhoneSimulator = Release|iPhoneSimulator
		Release|x64 = Release|x64
		Release|x86 = Release|x86
	EndGlobalSection
	GlobalSection(ProjectConfigurationPlatforms) = postSolution
		{76C82E6D-CC85-48AC-AF3F-83D09EB96B53}.Ad-Hoc|Any CPU.ActiveCfg = Release|x64
		{76C82E6D-CC85-48AC-AF3F-83D09EB96B53}.Ad-Hoc|Any CPU.Build.0 = Release|x64
		{76C82E6D-CC85-48AC-AF3F-83D09EB96B53}.Ad-Hoc|Any CPU.Deploy.0 = Release|x64
		{76C82E6D-CC85-48AC-AF3F-83D09EB96B53}.Ad-Hoc|ARM.ActiveCfg = Release|ARM
		{76C82E6D-CC85-48AC-AF3F-83D09EB96B53}.Ad-Hoc|ARM.Build.0 = Release|ARM
		{76C82E6D-CC85-48AC-AF3F-83D09EB96B53}.Ad-Hoc|ARM.Deploy.0 = Release|ARM
		{76C82E6D-CC85-48AC-AF3F-83D09EB96B53}.Ad-Hoc|iPhone.ActiveCfg = Release|x64
		{76C82E6D-CC85-48AC-AF3F-83D09EB96B53}.Ad-Hoc|iPhone.Build.0 = Release|x64
		{76C82E6D-CC85-48AC-AF3F-83D09EB96B53}.Ad-Hoc|iPhone.Deploy.0 = Release|x64
		{76C82E6D-CC85-48AC-AF3F-83D09EB96B53}.Ad-Hoc|iPhoneSimulator.ActiveCfg = Release|x64
		{76C82E6D-CC85-48AC-AF3F-83D09EB96B53}.Ad-Hoc|iPhoneSimulator.Build.0 = Release|x64
		{76C82E6D-CC85-48AC-AF3F-83D09EB96B53}.Ad-Hoc|iPhoneSimulator.Deploy.0 = Release|x64
		{76C82E6D-CC85-48AC-AF3F-83D09EB96B53}.Ad-Hoc|x64.ActiveCfg = Release|x64
		{76C82E6D-CC85-48AC-AF3F-83D09EB96B53}.Ad-Hoc|x64.Build.0 = Release|x64
		{76C82E6D-CC85-48AC-AF3F-83D09EB96B53}.Ad-Hoc|x64.Deploy.0 = Release|x64
		{76C82E6D-CC85-48AC-AF3F-83D09EB96B53}.Ad-Hoc|x86.ActiveCfg = Release|x86
		{76C82E6D-CC85-48AC-AF3F-83D09EB96B53}.Ad-Hoc|x86.Build.0 = Release|x86
		{76C82E6D-CC85-48AC-AF3F-83D09EB96B53}.Ad-Hoc|x86.Deploy.0 = Release|x86
		{76C82E6D-CC85-48AC-AF3F-83D09EB96B53}.AppStore|Any CPU.ActiveCfg = Release|x64
		{76C82E6D-CC85-48AC-AF3F-83D09EB96B53}.AppStore|Any CPU.Build.0 = Release|x64
		{76C82E6D-CC85-48AC-AF3F-83D09EB96B53}.AppStore|Any CPU.Deploy.0 = Release|x64
		{76C82E6D-CC85-48AC-AF3F-83D09EB96B53}.AppStore|ARM.ActiveCfg = Release|ARM
		{76C82E6D-CC85-48AC-AF3F-83D09EB96B53}.AppStore|ARM.Build.0 = Release|ARM
		{76C82E6D-CC85-48AC-AF3F-83D09EB96B53}.AppStore|ARM.Deploy.0 = Release|ARM
		{76C82E6D-CC85-48AC-AF3F-83D09EB96B53}.AppStore|iPhone.ActiveCfg = Release|x64
		{76C82E6D-CC85-48AC-AF3F-83D09EB96B53}.AppStore|iPhone.Build.0 = Release|x64
		{76C82E6D-CC85-48AC-AF3F-83D09EB96B53}.AppStore|iPhone.Deploy.0 = Release|x64
		{76C82E6D-CC85-48AC-AF3F-83D09EB96B53}.AppStore|iPhoneSimulator.ActiveCfg = Release|x64
		{76C82E6D-CC85-48AC-AF3F-83D09EB96B53}.AppStore|iPhoneSimulator.Build.0 = Release|x64
		{76C82E6D-CC85-48AC-AF3F-83D09EB96B53}.AppStore|iPhoneSimulator.Deploy.0 = Release|x64
		{76C82E6D-CC85-48AC-AF3F-83D09EB96B53}.AppStore|x64.ActiveCfg = Release|x64
		{76C82E6D-CC85-48AC-AF3F-83D09EB96B53}.AppStore|x64.Build.0 = Release|x64
		{76C82E6D-CC85-48AC-AF3F-83D09EB96B53}.AppStore|x64.Deploy.0 = Release|x64
		{76C82E6D-CC85-48AC-AF3F-83D09EB96B53}.AppStore|x86.ActiveCfg = Release|x86
		{76C82E6D-CC85-48AC-AF3F-83D09EB96B53}.AppStore|x86.Build.0 = Release|x86
		{76C82E6D-CC85-48AC-AF3F-83D09EB96B53}.AppStore|x86.Deploy.0 = Release|x86
		{76C82E6D-CC85-48AC-AF3F-83D09EB96B53}.Debug|Any CPU.ActiveCfg = Debug|x86
		{76C82E6D-CC85-48AC-AF3F-83D09EB96B53}.Debug|Any CPU.Build.0 = Debug|x86
		{76C82E6D-CC85-48AC-AF3F-83D09EB96B53}.Debug|Any CPU.Deploy.0 = Debug|x86
		{76C82E6D-CC85-48AC-AF3F-83D09EB96B53}.Debug|ARM.ActiveCfg = Debug|ARM
		{76C82E6D-CC85-48AC-AF3F-83D09EB96B53}.Debug|ARM.Build.0 = Debug|ARM
		{76C82E6D-CC85-48AC-AF3F-83D09EB96B53}.Debug|ARM.Deploy.0 = Debug|ARM
		{76C82E6D-CC85-48AC-AF3F-83D09EB96B53}.Debug|iPhone.ActiveCfg = Debug|x86
		{76C82E6D-CC85-48AC-AF3F-83D09EB96B53}.Debug|iPhoneSimulator.ActiveCfg = Debug|x86
		{76C82E6D-CC85-48AC-AF3F-83D09EB96B53}.Debug|x64.ActiveCfg = Debug|x64
		{76C82E6D-CC85-48AC-AF3F-83D09EB96B53}.Debug|x64.Build.0 = Debug|x64
		{76C82E6D-CC85-48AC-AF3F-83D09EB96B53}.Debug|x64.Deploy.0 = Debug|x64
		{76C82E6D-CC85-48AC-AF3F-83D09EB96B53}.Debug|x86.ActiveCfg = Debug|x86
		{76C82E6D-CC85-48AC-AF3F-83D09EB96B53}.Debug|x86.Build.0 = Debug|x86
		{76C82E6D-CC85-48AC-AF3F-83D09EB96B53}.Debug|x86.Deploy.0 = Debug|x86
		{76C82E6D-CC85-48AC-AF3F-83D09EB96B53}.Release|Any CPU.ActiveCfg = Release|x86
		{76C82E6D-CC85-48AC-AF3F-83D09EB96B53}.Release|ARM.ActiveCfg = Release|ARM
		{76C82E6D-CC85-48AC-AF3F-83D09EB96B53}.Release|ARM.Build.0 = Release|ARM
		{76C82E6D-CC85-48AC-AF3F-83D09EB96B53}.Release|ARM.Deploy.0 = Release|ARM
		{76C82E6D-CC85-48AC-AF3F-83D09EB96B53}.Release|iPhone.ActiveCfg = Release|x86
		{76C82E6D-CC85-48AC-AF3F-83D09EB96B53}.Release|iPhoneSimulator.ActiveCfg = Release|x86
		{76C82E6D-CC85-48AC-AF3F-83D09EB96B53}.Release|x64.ActiveCfg = Release|x64
		{76C82E6D-CC85-48AC-AF3F-83D09EB96B53}.Release|x64.Build.0 = Release|x64
		{76C82E6D-CC85-48AC-AF3F-83D09EB96B53}.Release|x64.Deploy.0 = Release|x64
		{76C82E6D-CC85-48AC-AF3F-83D09EB96B53}.Release|x86.ActiveCfg = Release|x86
		{76C82E6D-CC85-48AC-AF3F-83D09EB96B53}.Release|x86.Build.0 = Release|x86
		{76C82E6D-CC85-48AC-AF3F-83D09EB96B53}.Release|x86.Deploy.0 = Release|x86
		{157E5729-FADF-4D92-ADBF-57A24DDB4B5E}.Ad-Hoc|Any CPU.ActiveCfg = Debug|Any CPU
		{157E5729-FADF-4D92-ADBF-57A24DDB4B5E}.Ad-Hoc|Any CPU.Build.0 = Debug|Any CPU
		{157E5729-FADF-4D92-ADBF-57A24DDB4B5E}.Ad-Hoc|ARM.ActiveCfg = Debug|Any CPU
		{157E5729-FADF-4D92-ADBF-57A24DDB4B5E}.Ad-Hoc|ARM.Build.0 = Debug|Any CPU
		{157E5729-FADF-4D92-ADBF-57A24DDB4B5E}.Ad-Hoc|iPhone.ActiveCfg = Debug|Any CPU
		{157E5729-FADF-4D92-ADBF-57A24DDB4B5E}.Ad-Hoc|iPhone.Build.0 = Debug|Any CPU
		{157E5729-FADF-4D92-ADBF-57A24DDB4B5E}.Ad-Hoc|iPhoneSimulator.ActiveCfg = Debug|Any CPU
		{157E5729-FADF-4D92-ADBF-57A24DDB4B5E}.Ad-Hoc|iPhoneSimulator.Build.0 = Debug|Any CPU
		{157E5729-FADF-4D92-ADBF-57A24DDB4B5E}.Ad-Hoc|x64.ActiveCfg = Debug|Any CPU
		{157E5729-FADF-4D92-ADBF-57A24DDB4B5E}.Ad-Hoc|x64.Build.0 = Debug|Any CPU
		{157E5729-FADF-4D92-ADBF-57A24DDB4B5E}.Ad-Hoc|x86.ActiveCfg = Debug|Any CPU
		{157E5729-FADF-4D92-ADBF-57A24DDB4B5E}.Ad-Hoc|x86.Build.0 = Debug|Any CPU
		{157E5729-FADF-4D92-ADBF-57A24DDB4B5E}.AppStore|Any CPU.ActiveCfg = Debug|Any CPU
		{157E5729-FADF-4D92-ADBF-57A24DDB4B5E}.AppStore|Any CPU.Build.0 = Debug|Any CPU
		{157E5729-FADF-4D92-ADBF-57A24DDB4B5E}.AppStore|ARM.ActiveCfg = Debug|Any CPU
		{157E5729-FADF-4D92-ADBF-57A24DDB4B5E}.AppStore|ARM.Build.0 = Debug|Any CPU
		{157E5729-FADF-4D92-ADBF-57A24DDB4B5E}.AppStore|iPhone.ActiveCfg = Debug|Any CPU
		{157E5729-FADF-4D92-ADBF-57A24DDB4B5E}.AppStore|iPhone.Build.0 = Debug|Any CPU
		{157E5729-FADF-4D92-ADBF-57A24DDB4B5E}.AppStore|iPhoneSimulator.ActiveCfg = Debug|Any CPU
		{157E5729-FADF-4D92-ADBF-57A24DDB4B5E}.AppStore|iPhoneSimulator.Build.0 = Debug|Any CPU
		{157E5729-FADF-4D92-ADBF-57A24DDB4B5E}.AppStore|x64.ActiveCfg = Debug|Any CPU
		{157E5729-FADF-4D92-ADBF-57A24DDB4B5E}.AppStore|x64.Build.0 = Debug|Any CPU
		{157E5729-FADF-4D92-ADBF-57A24DDB4B5E}.AppStore|x86.ActiveCfg = Debug|Any CPU
		{157E5729-FADF-4D92-ADBF-57A24DDB4B5E}.AppStore|x86.Build.0 = Debug|Any CPU
		{157E5729-FADF-4D92-ADBF-57A24DDB4B5E}.Debug|Any CPU.ActiveCfg = Debug|Any CPU
		{157E5729-FADF-4D92-ADBF-57A24DDB4B5E}.Debug|Any CPU.Build.0 = Debug|Any CPU
		{157E5729-FADF-4D92-ADBF-57A24DDB4B5E}.Debug|ARM.ActiveCfg = Debug|Any CPU
		{157E5729-FADF-4D92-ADBF-57A24DDB4B5E}.Debug|ARM.Build.0 = Debug|Any CPU
		{157E5729-FADF-4D92-ADBF-57A24DDB4B5E}.Debug|iPhone.ActiveCfg = Debug|Any CPU
		{157E5729-FADF-4D92-ADBF-57A24DDB4B5E}.Debug|iPhone.Build.0 = Debug|Any CPU
		{157E5729-FADF-4D92-ADBF-57A24DDB4B5E}.Debug|iPhoneSimulator.ActiveCfg = Debug|Any CPU
		{157E5729-FADF-4D92-ADBF-57A24DDB4B5E}.Debug|iPhoneSimulator.Build.0 = Debug|Any CPU
		{157E5729-FADF-4D92-ADBF-57A24DDB4B5E}.Debug|x64.ActiveCfg = Debug|Any CPU
		{157E5729-FADF-4D92-ADBF-57A24DDB4B5E}.Debug|x64.Build.0 = Debug|Any CPU
		{157E5729-FADF-4D92-ADBF-57A24DDB4B5E}.Debug|x86.ActiveCfg = Debug|Any CPU
		{157E5729-FADF-4D92-ADBF-57A24DDB4B5E}.Debug|x86.Build.0 = Debug|Any CPU
		{157E5729-FADF-4D92-ADBF-57A24DDB4B5E}.Release|Any CPU.ActiveCfg = Release|Any CPU
		{157E5729-FADF-4D92-ADBF-57A24DDB4B5E}.Release|Any CPU.Build.0 = Release|Any CPU
		{157E5729-FADF-4D92-ADBF-57A24DDB4B5E}.Release|ARM.ActiveCfg = Release|Any CPU
		{157E5729-FADF-4D92-ADBF-57A24DDB4B5E}.Release|ARM.Build.0 = Release|Any CPU
		{157E5729-FADF-4D92-ADBF-57A24DDB4B5E}.Release|iPhone.ActiveCfg = Release|Any CPU
		{157E5729-FADF-4D92-ADBF-57A24DDB4B5E}.Release|iPhone.Build.0 = Release|Any CPU
		{157E5729-FADF-4D92-ADBF-57A24DDB4B5E}.Release|iPhoneSimulator.ActiveCfg = Release|Any CPU
		{157E5729-FADF-4D92-ADBF-57A24DDB4B5E}.Release|iPhoneSimulator.Build.0 = Release|Any CPU
		{157E5729-FADF-4D92-ADBF-57A24DDB4B5E}.Release|x64.ActiveCfg = Release|Any CPU
		{157E5729-FADF-4D92-ADBF-57A24DDB4B5E}.Release|x64.Build.0 = Release|Any CPU
		{157E5729-FADF-4D92-ADBF-57A24DDB4B5E}.Release|x86.ActiveCfg = Release|Any CPU
		{157E5729-FADF-4D92-ADBF-57A24DDB4B5E}.Release|x86.Build.0 = Release|Any CPU
		{29D4E8EA-9DDF-41C6-BA56-5B4B114DC240}.Ad-Hoc|Any CPU.ActiveCfg = Release|Any CPU
		{29D4E8EA-9DDF-41C6-BA56-5B4B114DC240}.Ad-Hoc|Any CPU.Build.0 = Release|Any CPU
		{29D4E8EA-9DDF-41C6-BA56-5B4B114DC240}.Ad-Hoc|ARM.ActiveCfg = Release|Any CPU
		{29D4E8EA-9DDF-41C6-BA56-5B4B114DC240}.Ad-Hoc|ARM.Build.0 = Release|Any CPU
		{29D4E8EA-9DDF-41C6-BA56-5B4B114DC240}.Ad-Hoc|iPhone.ActiveCfg = Release|Any CPU
		{29D4E8EA-9DDF-41C6-BA56-5B4B114DC240}.Ad-Hoc|iPhone.Build.0 = Release|Any CPU
		{29D4E8EA-9DDF-41C6-BA56-5B4B114DC240}.Ad-Hoc|iPhoneSimulator.ActiveCfg = Release|Any CPU
		{29D4E8EA-9DDF-41C6-BA56-5B4B114DC240}.Ad-Hoc|iPhoneSimulator.Build.0 = Release|Any CPU
		{29D4E8EA-9DDF-41C6-BA56-5B4B114DC240}.Ad-Hoc|x64.ActiveCfg = Release|Any CPU
		{29D4E8EA-9DDF-41C6-BA56-5B4B114DC240}.Ad-Hoc|x64.Build.0 = Release|Any CPU
		{29D4E8EA-9DDF-41C6-BA56-5B4B114DC240}.Ad-Hoc|x86.ActiveCfg = Release|Any CPU
		{29D4E8EA-9DDF-41C6-BA56-5B4B114DC240}.Ad-Hoc|x86.Build.0 = Release|Any CPU
		{29D4E8EA-9DDF-41C6-BA56-5B4B114DC240}.AppStore|Any CPU.ActiveCfg = Release|Any CPU
		{29D4E8EA-9DDF-41C6-BA56-5B4B114DC240}.AppStore|Any CPU.Build.0 = Release|Any CPU
		{29D4E8EA-9DDF-41C6-BA56-5B4B114DC240}.AppStore|ARM.ActiveCfg = Release|Any CPU
		{29D4E8EA-9DDF-41C6-BA56-5B4B114DC240}.AppStore|ARM.Build.0 = Release|Any CPU
		{29D4E8EA-9DDF-41C6-BA56-5B4B114DC240}.AppStore|iPhone.ActiveCfg = Release|Any CPU
		{29D4E8EA-9DDF-41C6-BA56-5B4B114DC240}.AppStore|iPhone.Build.0 = Release|Any CPU
		{29D4E8EA-9DDF-41C6-BA56-5B4B114DC240}.AppStore|iPhoneSimulator.ActiveCfg = Release|Any CPU
		{29D4E8EA-9DDF-41C6-BA56-5B4B114DC240}.AppStore|iPhoneSimulator.Build.0 = Release|Any CPU
		{29D4E8EA-9DDF-41C6-BA56-5B4B114DC240}.AppStore|x64.ActiveCfg = Release|Any CPU
		{29D4E8EA-9DDF-41C6-BA56-5B4B114DC240}.AppStore|x64.Build.0 = Release|Any CPU
		{29D4E8EA-9DDF-41C6-BA56-5B4B114DC240}.AppStore|x86.ActiveCfg = Release|Any CPU
		{29D4E8EA-9DDF-41C6-BA56-5B4B114DC240}.AppStore|x86.Build.0 = Release|Any CPU
		{29D4E8EA-9DDF-41C6-BA56-5B4B114DC240}.Debug|Any CPU.ActiveCfg = Debug|Any CPU
		{29D4E8EA-9DDF-41C6-BA56-5B4B114DC240}.Debug|ARM.ActiveCfg = Debug|Any CPU
		{29D4E8EA-9DDF-41C6-BA56-5B4B114DC240}.Debug|ARM.Build.0 = Debug|Any CPU
		{29D4E8EA-9DDF-41C6-BA56-5B4B114DC240}.Debug|iPhone.ActiveCfg = Debug|Any CPU
		{29D4E8EA-9DDF-41C6-BA56-5B4B114DC240}.Debug|iPhone.Build.0 = Debug|Any CPU
		{29D4E8EA-9DDF-41C6-BA56-5B4B114DC240}.Debug|iPhoneSimulator.ActiveCfg = Debug|Any CPU
		{29D4E8EA-9DDF-41C6-BA56-5B4B114DC240}.Debug|iPhoneSimulator.Build.0 = Debug|Any CPU
		{29D4E8EA-9DDF-41C6-BA56-5B4B114DC240}.Debug|x64.ActiveCfg = Debug|Any CPU
		{29D4E8EA-9DDF-41C6-BA56-5B4B114DC240}.Debug|x64.Build.0 = Debug|Any CPU
		{29D4E8EA-9DDF-41C6-BA56-5B4B114DC240}.Debug|x86.ActiveCfg = Debug|Any CPU
		{29D4E8EA-9DDF-41C6-BA56-5B4B114DC240}.Debug|x86.Build.0 = Debug|Any CPU
		{29D4E8EA-9DDF-41C6-BA56-5B4B114DC240}.Release|Any CPU.ActiveCfg = Release|Any CPU
		{29D4E8EA-9DDF-41C6-BA56-5B4B114DC240}.Release|Any CPU.Build.0 = Release|Any CPU
		{29D4E8EA-9DDF-41C6-BA56-5B4B114DC240}.Release|ARM.ActiveCfg = Release|Any CPU
		{29D4E8EA-9DDF-41C6-BA56-5B4B114DC240}.Release|ARM.Build.0 = Release|Any CPU
		{29D4E8EA-9DDF-41C6-BA56-5B4B114DC240}.Release|iPhone.ActiveCfg = Release|Any CPU
		{29D4E8EA-9DDF-41C6-BA56-5B4B114DC240}.Release|iPhone.Build.0 = Release|Any CPU
		{29D4E8EA-9DDF-41C6-BA56-5B4B114DC240}.Release|iPhoneSimulator.ActiveCfg = Release|Any CPU
		{29D4E8EA-9DDF-41C6-BA56-5B4B114DC240}.Release|iPhoneSimulator.Build.0 = Release|Any CPU
		{29D4E8EA-9DDF-41C6-BA56-5B4B114DC240}.Release|x64.ActiveCfg = Release|Any CPU
		{29D4E8EA-9DDF-41C6-BA56-5B4B114DC240}.Release|x64.Build.0 = Release|Any CPU
		{29D4E8EA-9DDF-41C6-BA56-5B4B114DC240}.Release|x86.ActiveCfg = Release|Any CPU
		{29D4E8EA-9DDF-41C6-BA56-5B4B114DC240}.Release|x86.Build.0 = Release|Any CPU
		{7F6AB803-F52F-448A-B576-8687A67700BE}.Ad-Hoc|Any CPU.ActiveCfg = Release|Any CPU
		{7F6AB803-F52F-448A-B576-8687A67700BE}.Ad-Hoc|Any CPU.Build.0 = Release|Any CPU
		{7F6AB803-F52F-448A-B576-8687A67700BE}.Ad-Hoc|ARM.ActiveCfg = Release|ARM
		{7F6AB803-F52F-448A-B576-8687A67700BE}.Ad-Hoc|ARM.Build.0 = Release|ARM
		{7F6AB803-F52F-448A-B576-8687A67700BE}.Ad-Hoc|iPhone.ActiveCfg = Release|Any CPU
		{7F6AB803-F52F-448A-B576-8687A67700BE}.Ad-Hoc|iPhone.Build.0 = Release|Any CPU
		{7F6AB803-F52F-448A-B576-8687A67700BE}.Ad-Hoc|iPhoneSimulator.ActiveCfg = Release|Any CPU
		{7F6AB803-F52F-448A-B576-8687A67700BE}.Ad-Hoc|iPhoneSimulator.Build.0 = Release|Any CPU
		{7F6AB803-F52F-448A-B576-8687A67700BE}.Ad-Hoc|x64.ActiveCfg = Release|x64
		{7F6AB803-F52F-448A-B576-8687A67700BE}.Ad-Hoc|x64.Build.0 = Release|x64
		{7F6AB803-F52F-448A-B576-8687A67700BE}.Ad-Hoc|x86.ActiveCfg = Release|x86
		{7F6AB803-F52F-448A-B576-8687A67700BE}.Ad-Hoc|x86.Build.0 = Release|x86
		{7F6AB803-F52F-448A-B576-8687A67700BE}.AppStore|Any CPU.ActiveCfg = Release|Any CPU
		{7F6AB803-F52F-448A-B576-8687A67700BE}.AppStore|Any CPU.Build.0 = Release|Any CPU
		{7F6AB803-F52F-448A-B576-8687A67700BE}.AppStore|ARM.ActiveCfg = Release|ARM
		{7F6AB803-F52F-448A-B576-8687A67700BE}.AppStore|ARM.Build.0 = Release|ARM
		{7F6AB803-F52F-448A-B576-8687A67700BE}.AppStore|iPhone.ActiveCfg = Release|Any CPU
		{7F6AB803-F52F-448A-B576-8687A67700BE}.AppStore|iPhone.Build.0 = Release|Any CPU
		{7F6AB803-F52F-448A-B576-8687A67700BE}.AppStore|iPhoneSimulator.ActiveCfg = Release|Any CPU
		{7F6AB803-F52F-448A-B576-8687A67700BE}.AppStore|iPhoneSimulator.Build.0 = Release|Any CPU
		{7F6AB803-F52F-448A-B576-8687A67700BE}.AppStore|x64.ActiveCfg = Release|x64
		{7F6AB803-F52F-448A-B576-8687A67700BE}.AppStore|x64.Build.0 = Release|x64
		{7F6AB803-F52F-448A-B576-8687A67700BE}.AppStore|x86.ActiveCfg = Release|x86
		{7F6AB803-F52F-448A-B576-8687A67700BE}.AppStore|x86.Build.0 = Release|x86
		{7F6AB803-F52F-448A-B576-8687A67700BE}.Debug|Any CPU.ActiveCfg = Debug|Any CPU
		{7F6AB803-F52F-448A-B576-8687A67700BE}.Debug|Any CPU.Build.0 = Debug|Any CPU
		{7F6AB803-F52F-448A-B576-8687A67700BE}.Debug|ARM.ActiveCfg = Debug|ARM
		{7F6AB803-F52F-448A-B576-8687A67700BE}.Debug|ARM.Build.0 = Debug|ARM
		{7F6AB803-F52F-448A-B576-8687A67700BE}.Debug|iPhone.ActiveCfg = Debug|Any CPU
		{7F6AB803-F52F-448A-B576-8687A67700BE}.Debug|iPhone.Build.0 = Debug|Any CPU
		{7F6AB803-F52F-448A-B576-8687A67700BE}.Debug|iPhoneSimulator.ActiveCfg = Debug|Any CPU
		{7F6AB803-F52F-448A-B576-8687A67700BE}.Debug|iPhoneSimulator.Build.0 = Debug|Any CPU
		{7F6AB803-F52F-448A-B576-8687A67700BE}.Debug|x64.ActiveCfg = Debug|x64
		{7F6AB803-F52F-448A-B576-8687A67700BE}.Debug|x64.Build.0 = Debug|x64
		{7F6AB803-F52F-448A-B576-8687A67700BE}.Debug|x86.ActiveCfg = Debug|x86
		{7F6AB803-F52F-448A-B576-8687A67700BE}.Debug|x86.Build.0 = Debug|x86
		{7F6AB803-F52F-448A-B576-8687A67700BE}.Release|Any CPU.ActiveCfg = Release|Any CPU
		{7F6AB803-F52F-448A-B576-8687A67700BE}.Release|Any CPU.Build.0 = Release|Any CPU
		{7F6AB803-F52F-448A-B576-8687A67700BE}.Release|ARM.ActiveCfg = Release|ARM
		{7F6AB803-F52F-448A-B576-8687A67700BE}.Release|ARM.Build.0 = Release|ARM
		{7F6AB803-F52F-448A-B576-8687A67700BE}.Release|iPhone.ActiveCfg = Release|Any CPU
		{7F6AB803-F52F-448A-B576-8687A67700BE}.Release|iPhone.Build.0 = Release|Any CPU
		{7F6AB803-F52F-448A-B576-8687A67700BE}.Release|iPhoneSimulator.ActiveCfg = Release|Any CPU
		{7F6AB803-F52F-448A-B576-8687A67700BE}.Release|iPhoneSimulator.Build.0 = Release|Any CPU
		{7F6AB803-F52F-448A-B576-8687A67700BE}.Release|x64.ActiveCfg = Release|x64
		{7F6AB803-F52F-448A-B576-8687A67700BE}.Release|x64.Build.0 = Release|x64
		{7F6AB803-F52F-448A-B576-8687A67700BE}.Release|x86.ActiveCfg = Release|x86
		{7F6AB803-F52F-448A-B576-8687A67700BE}.Release|x86.Build.0 = Release|x86
		{14D2716D-AB26-4023-B617-5029111D0CBB}.Ad-Hoc|Any CPU.ActiveCfg = Release|x64
		{14D2716D-AB26-4023-B617-5029111D0CBB}.Ad-Hoc|Any CPU.Build.0 = Release|x64
		{14D2716D-AB26-4023-B617-5029111D0CBB}.Ad-Hoc|Any CPU.Deploy.0 = Release|x64
		{14D2716D-AB26-4023-B617-5029111D0CBB}.Ad-Hoc|ARM.ActiveCfg = Release|ARM
		{14D2716D-AB26-4023-B617-5029111D0CBB}.Ad-Hoc|ARM.Build.0 = Release|ARM
		{14D2716D-AB26-4023-B617-5029111D0CBB}.Ad-Hoc|ARM.Deploy.0 = Release|ARM
		{14D2716D-AB26-4023-B617-5029111D0CBB}.Ad-Hoc|iPhone.ActiveCfg = Release|x64
		{14D2716D-AB26-4023-B617-5029111D0CBB}.Ad-Hoc|iPhone.Build.0 = Release|x64
		{14D2716D-AB26-4023-B617-5029111D0CBB}.Ad-Hoc|iPhone.Deploy.0 = Release|x64
		{14D2716D-AB26-4023-B617-5029111D0CBB}.Ad-Hoc|iPhoneSimulator.ActiveCfg = Release|x64
		{14D2716D-AB26-4023-B617-5029111D0CBB}.Ad-Hoc|iPhoneSimulator.Build.0 = Release|x64
		{14D2716D-AB26-4023-B617-5029111D0CBB}.Ad-Hoc|iPhoneSimulator.Deploy.0 = Release|x64
		{14D2716D-AB26-4023-B617-5029111D0CBB}.Ad-Hoc|x64.ActiveCfg = Release|x64
		{14D2716D-AB26-4023-B617-5029111D0CBB}.Ad-Hoc|x64.Build.0 = Release|x64
		{14D2716D-AB26-4023-B617-5029111D0CBB}.Ad-Hoc|x64.Deploy.0 = Release|x64
		{14D2716D-AB26-4023-B617-5029111D0CBB}.Ad-Hoc|x86.ActiveCfg = Release|x86
		{14D2716D-AB26-4023-B617-5029111D0CBB}.Ad-Hoc|x86.Build.0 = Release|x86
		{14D2716D-AB26-4023-B617-5029111D0CBB}.Ad-Hoc|x86.Deploy.0 = Release|x86
		{14D2716D-AB26-4023-B617-5029111D0CBB}.AppStore|Any CPU.ActiveCfg = Release|x64
		{14D2716D-AB26-4023-B617-5029111D0CBB}.AppStore|Any CPU.Build.0 = Release|x64
		{14D2716D-AB26-4023-B617-5029111D0CBB}.AppStore|Any CPU.Deploy.0 = Release|x64
		{14D2716D-AB26-4023-B617-5029111D0CBB}.AppStore|ARM.ActiveCfg = Release|ARM
		{14D2716D-AB26-4023-B617-5029111D0CBB}.AppStore|ARM.Build.0 = Release|ARM
		{14D2716D-AB26-4023-B617-5029111D0CBB}.AppStore|ARM.Deploy.0 = Release|ARM
		{14D2716D-AB26-4023-B617-5029111D0CBB}.AppStore|iPhone.ActiveCfg = Release|x64
		{14D2716D-AB26-4023-B617-5029111D0CBB}.AppStore|iPhone.Build.0 = Release|x64
		{14D2716D-AB26-4023-B617-5029111D0CBB}.AppStore|iPhone.Deploy.0 = Release|x64
		{14D2716D-AB26-4023-B617-5029111D0CBB}.AppStore|iPhoneSimulator.ActiveCfg = Release|x64
		{14D2716D-AB26-4023-B617-5029111D0CBB}.AppStore|iPhoneSimulator.Build.0 = Release|x64
		{14D2716D-AB26-4023-B617-5029111D0CBB}.AppStore|iPhoneSimulator.Deploy.0 = Release|x64
		{14D2716D-AB26-4023-B617-5029111D0CBB}.AppStore|x64.ActiveCfg = Release|x64
		{14D2716D-AB26-4023-B617-5029111D0CBB}.AppStore|x64.Build.0 = Release|x64
		{14D2716D-AB26-4023-B617-5029111D0CBB}.AppStore|x64.Deploy.0 = Release|x64
		{14D2716D-AB26-4023-B617-5029111D0CBB}.AppStore|x86.ActiveCfg = Release|x86
		{14D2716D-AB26-4023-B617-5029111D0CBB}.AppStore|x86.Build.0 = Release|x86
		{14D2716D-AB26-4023-B617-5029111D0CBB}.AppStore|x86.Deploy.0 = Release|x86
		{14D2716D-AB26-4023-B617-5029111D0CBB}.Debug|Any CPU.ActiveCfg = Debug|x86
		{14D2716D-AB26-4023-B617-5029111D0CBB}.Debug|Any CPU.Build.0 = Debug|x86
		{14D2716D-AB26-4023-B617-5029111D0CBB}.Debug|Any CPU.Deploy.0 = Debug|x86
		{14D2716D-AB26-4023-B617-5029111D0CBB}.Debug|ARM.ActiveCfg = Debug|ARM
		{14D2716D-AB26-4023-B617-5029111D0CBB}.Debug|ARM.Build.0 = Debug|ARM
		{14D2716D-AB26-4023-B617-5029111D0CBB}.Debug|ARM.Deploy.0 = Debug|ARM
		{14D2716D-AB26-4023-B617-5029111D0CBB}.Debug|iPhone.ActiveCfg = Debug|x86
		{14D2716D-AB26-4023-B617-5029111D0CBB}.Debug|iPhoneSimulator.ActiveCfg = Debug|x86
		{14D2716D-AB26-4023-B617-5029111D0CBB}.Debug|x64.ActiveCfg = Debug|x64
		{14D2716D-AB26-4023-B617-5029111D0CBB}.Debug|x64.Build.0 = Debug|x64
		{14D2716D-AB26-4023-B617-5029111D0CBB}.Debug|x64.Deploy.0 = Debug|x64
		{14D2716D-AB26-4023-B617-5029111D0CBB}.Debug|x86.ActiveCfg = Debug|x86
		{14D2716D-AB26-4023-B617-5029111D0CBB}.Debug|x86.Build.0 = Debug|x86
		{14D2716D-AB26-4023-B617-5029111D0CBB}.Release|Any CPU.ActiveCfg = Release|x86
		{14D2716D-AB26-4023-B617-5029111D0CBB}.Release|ARM.ActiveCfg = Release|ARM
		{14D2716D-AB26-4023-B617-5029111D0CBB}.Release|ARM.Build.0 = Release|ARM
		{14D2716D-AB26-4023-B617-5029111D0CBB}.Release|ARM.Deploy.0 = Release|ARM
		{14D2716D-AB26-4023-B617-5029111D0CBB}.Release|iPhone.ActiveCfg = Release|x86
		{14D2716D-AB26-4023-B617-5029111D0CBB}.Release|iPhoneSimulator.ActiveCfg = Release|x86
		{14D2716D-AB26-4023-B617-5029111D0CBB}.Release|x64.ActiveCfg = Release|x64
		{14D2716D-AB26-4023-B617-5029111D0CBB}.Release|x64.Build.0 = Release|x64
		{14D2716D-AB26-4023-B617-5029111D0CBB}.Release|x64.Deploy.0 = Release|x64
		{14D2716D-AB26-4023-B617-5029111D0CBB}.Release|x86.ActiveCfg = Release|x86
		{14D2716D-AB26-4023-B617-5029111D0CBB}.Release|x86.Build.0 = Release|x86
		{14D2716D-AB26-4023-B617-5029111D0CBB}.Release|x86.Deploy.0 = Release|x86
	EndGlobalSection
	GlobalSection(SolutionProperties) = preSolution
		HideSolutionNode = FALSE
	EndGlobalSection
	GlobalSection(ExtensibilityGlobals) = postSolution
		SolutionGuid = {F235A98B-4D88-4536-A05F-EB0478C6C652}
	EndGlobalSection
EndGlobal
